
Microsoft Visual Studio Solution File, Format Version 12.00
# Visual Studio Version 16
VisualStudioVersion = 16.0.30114.105
MinimumVisualStudioVersion = 10.0.40219.1
Project("{9A19103F-16F7-4668-BE54-9A1E7A4F7556}") = "WebAPI", "WebAPI\WebAPI.csproj", "{51A377D1-D613-48E6-B98F-7A9848799D91}"
EndProject
Project("{FAE04EC0-301F-11D3-BF4B-00C04F79EFBC}") = "Models.Source", "Models.Source\Models.Source.csproj", "{A37DE958-54CD-4452-B9DB-B72002C0354D}"
EndProject
Project("{FAE04EC0-301F-11D3-BF4B-00C04F79EFBC}") = "Models.Target", "Models.Target\Models.Target.csproj", "{BC82B980-6743-4A5F-9041-54A7D715CB43}"
EndProject
Project("{FAE04EC0-301F-11D3-BF4B-00C04F79EFBC}") = "Migration", "Migration\Migration.csproj", "{F72DA37F-D990-4E9B-B1E1-21788B489B8F}"
EndProject
Project("{FAE04EC0-301F-11D3-BF4B-00C04F79EFBC}") = "Target.MySql", "Target.MySql\Target.MySql.csproj", "{E838070A-9FCE-429B-821A-9B67A68D8C19}"
EndProject
Project("{FAE04EC0-301F-11D3-BF4B-00C04F79EFBC}") = "Target.SqlServer", "Target.SqlServer\Target.SqlServer.csproj", "{E9DF5FE5-4F3D-475F-8465-203F85206FF9}"
EndProject
Project("{2150E333-8FDC-42A3-9474-1A3956D46DE8}") = "Models", "Models", "{DA8A5D51-0ED7-4BF4-B603-F9F6941C3365}"
EndProject
Project("{2150E333-8FDC-42A3-9474-1A3956D46DE8}") = "DbConfigurations", "DbConfigurations", "{6728FD1F-F2BC-4DF5-BC55-0623596F609C}"
EndProject
Project("{2150E333-8FDC-42A3-9474-1A3956D46DE8}") = "Migrations", "Migrations", "{DA4F9F36-4041-4FD5-ADFA-8608B6717956}"
EndProject
Project("{FAE04EC0-301F-11D3-BF4B-00C04F79EFBC}") = "Source.MySql", "Source.MySql\Source.MySql.csproj", "{2C4AAC56-266F-4944-B927-1667F10A1ADE}"
EndProject
Project("{FAE04EC0-301F-11D3-BF4B-00C04F79EFBC}") = "Target.Shared", "Target.Shared\Target.Shared.csproj", "{9172E8F6-A962-4FD2-BA90-D24F7C7F8D98}"
EndProject
Global
	GlobalSection(SolutionConfigurationPlatforms) = preSolution
		Debug|Any CPU = Debug|Any CPU
		Release|Any CPU = Release|Any CPU
	EndGlobalSection
	GlobalSection(ProjectConfigurationPlatforms) = postSolution
		{51A377D1-D613-48E6-B98F-7A9848799D91}.Debug|Any CPU.ActiveCfg = Debug|Any CPU
		{51A377D1-D613-48E6-B98F-7A9848799D91}.Debug|Any CPU.Build.0 = Debug|Any CPU
		{51A377D1-D613-48E6-B98F-7A9848799D91}.Release|Any CPU.ActiveCfg = Release|Any CPU
		{51A377D1-D613-48E6-B98F-7A9848799D91}.Release|Any CPU.Build.0 = Release|Any CPU
		{A37DE958-54CD-4452-B9DB-B72002C0354D}.Debug|Any CPU.ActiveCfg = Debug|Any CPU
		{A37DE958-54CD-4452-B9DB-B72002C0354D}.Debug|Any CPU.Build.0 = Debug|Any CPU
		{A37DE958-54CD-4452-B9DB-B72002C0354D}.Release|Any CPU.ActiveCfg = Release|Any CPU
		{A37DE958-54CD-4452-B9DB-B72002C0354D}.Release|Any CPU.Build.0 = Release|Any CPU
		{BC82B980-6743-4A5F-9041-54A7D715CB43}.Debug|Any CPU.ActiveCfg = Debug|Any CPU
		{BC82B980-6743-4A5F-9041-54A7D715CB43}.Debug|Any CPU.Build.0 = Debug|Any CPU
		{BC82B980-6743-4A5F-9041-54A7D715CB43}.Release|Any CPU.ActiveCfg = Release|Any CPU
		{BC82B980-6743-4A5F-9041-54A7D715CB43}.Release|Any CPU.Build.0 = Release|Any CPU
		{F72DA37F-D990-4E9B-B1E1-21788B489B8F}.Debug|Any CPU.ActiveCfg = Debug|Any CPU
		{F72DA37F-D990-4E9B-B1E1-21788B489B8F}.Debug|Any CPU.Build.0 = Debug|Any CPU
		{F72DA37F-D990-4E9B-B1E1-21788B489B8F}.Release|Any CPU.ActiveCfg = Release|Any CPU
		{F72DA37F-D990-4E9B-B1E1-21788B489B8F}.Release|Any CPU.Build.0 = Release|Any CPU
		{E838070A-9FCE-429B-821A-9B67A68D8C19}.Debug|Any CPU.ActiveCfg = Debug|Any CPU
		{E838070A-9FCE-429B-821A-9B67A68D8C19}.Debug|Any CPU.Build.0 = Debug|Any CPU
		{E838070A-9FCE-429B-821A-9B67A68D8C19}.Release|Any CPU.ActiveCfg = Release|Any CPU
		{E838070A-9FCE-429B-821A-9B67A68D8C19}.Release|Any CPU.Build.0 = Release|Any CPU
		{E9DF5FE5-4F3D-475F-8465-203F85206FF9}.Debug|Any CPU.ActiveCfg = Debug|Any CPU
		{E9DF5FE5-4F3D-475F-8465-203F85206FF9}.Debug|Any CPU.Build.0 = Debug|Any CPU
		{E9DF5FE5-4F3D-475F-8465-203F85206FF9}.Release|Any CPU.ActiveCfg = Release|Any CPU
		{E9DF5FE5-4F3D-475F-8465-203F85206FF9}.Release|Any CPU.Build.0 = Release|Any CPU
		{2C4AAC56-266F-4944-B927-1667F10A1ADE}.Debug|Any CPU.ActiveCfg = Debug|Any CPU
		{2C4AAC56-266F-4944-B927-1667F10A1ADE}.Debug|Any CPU.Build.0 = Debug|Any CPU
		{2C4AAC56-266F-4944-B927-1667F10A1ADE}.Release|Any CPU.ActiveCfg = Release|Any CPU
		{2C4AAC56-266F-4944-B927-1667F10A1ADE}.Release|Any CPU.Build.0 = Release|Any CPU
		{9172E8F6-A962-4FD2-BA90-D24F7C7F8D98}.Debug|Any CPU.ActiveCfg = Debug|Any CPU
		{9172E8F6-A962-4FD2-BA90-D24F7C7F8D98}.Debug|Any CPU.Build.0 = Debug|Any CPU
		{9172E8F6-A962-4FD2-BA90-D24F7C7F8D98}.Release|Any CPU.ActiveCfg = Release|Any CPU
		{9172E8F6-A962-4FD2-BA90-D24F7C7F8D98}.Release|Any CPU.Build.0 = Release|Any CPU
	EndGlobalSection
	GlobalSection(SolutionProperties) = preSolution
		HideSolutionNode = FALSE
	EndGlobalSection
	GlobalSection(ExtensibilityGlobals) = postSolution
		SolutionGuid = {32881A4A-1D5E-4887-924F-BD5276B36BB4}
	EndGlobalSection
	GlobalSection(NestedProjects) = preSolution
		{A37DE958-54CD-4452-B9DB-B72002C0354D} = {DA8A5D51-0ED7-4BF4-B603-F9F6941C3365}
		{BC82B980-6743-4A5F-9041-54A7D715CB43} = {DA8A5D51-0ED7-4BF4-B603-F9F6941C3365}
		{E838070A-9FCE-429B-821A-9B67A68D8C19} = {6728FD1F-F2BC-4DF5-BC55-0623596F609C}
		{E9DF5FE5-4F3D-475F-8465-203F85206FF9} = {6728FD1F-F2BC-4DF5-BC55-0623596F609C}
		{F72DA37F-D990-4E9B-B1E1-21788B489B8F} = {DA4F9F36-4041-4FD5-ADFA-8608B6717956}
		{2C4AAC56-266F-4944-B927-1667F10A1ADE} = {6728FD1F-F2BC-4DF5-BC55-0623596F609C}
		{9172E8F6-A962-4FD2-BA90-D24F7C7F8D98} = {6728FD1F-F2BC-4DF5-BC55-0623596F609C}
	EndGlobalSection
EndGlobal
